// !$*UTF8*$!
{
	archiveVersion = 1;
	classes = {
	};
	objectVersion = 46;
	objects = {

/* Begin PBXBuildFile section */
		1A9350A816731262005000CF /* UIKit.framework in Frameworks */ = {isa = PBXBuildFile; fileRef = 1A9350A716731262005000CF /* UIKit.framework */; };
		1A9350AA16731262005000CF /* Foundation.framework in Frameworks */ = {isa = PBXBuildFile; fileRef = 1A9350A916731262005000CF /* Foundation.framework */; };
		1A9350AC16731262005000CF /* CoreGraphics.framework in Frameworks */ = {isa = PBXBuildFile; fileRef = 1A9350AB16731262005000CF /* CoreGraphics.framework */; };
		1A9350B216731262005000CF /* InfoPlist.strings in Resources */ = {isa = PBXBuildFile; fileRef = 1A9350B016731262005000CF /* InfoPlist.strings */; };
		1A9350B416731262005000CF /* main.m in Sources */ = {isa = PBXBuildFile; fileRef = 1A9350B316731262005000CF /* main.m */; };
		1A9350B816731262005000CF /* AppDelegate.m in Sources */ = {isa = PBXBuildFile; fileRef = 1A9350B716731262005000CF /* AppDelegate.m */; };
		1A9350BA16731262005000CF /* Default.png in Resources */ = {isa = PBXBuildFile; fileRef = 1A9350B916731262005000CF /* Default.png */; };
		1A9350BC16731262005000CF /* Default@2x.png in Resources */ = {isa = PBXBuildFile; fileRef = 1A9350BB16731262005000CF /* Default@2x.png */; };
		1A9350BE16731262005000CF /* Default-568h@2x.png in Resources */ = {isa = PBXBuildFile; fileRef = 1A9350BD16731262005000CF /* Default-568h@2x.png */; };
		1A9350C116731262005000CF /* ViewController.m in Sources */ = {isa = PBXBuildFile; fileRef = 1A9350C016731262005000CF /* ViewController.m */; };
		1A9350C416731262005000CF /* ViewController_iPhone.xib in Resources */ = {isa = PBXBuildFile; fileRef = 1A9350C216731262005000CF /* ViewController_iPhone.xib */; };
		1A9350C716731262005000CF /* ViewController_iPad.xib in Resources */ = {isa = PBXBuildFile; fileRef = 1A9350C516731262005000CF /* ViewController_iPad.xib */; };
		1AEF05CB1674828600B45659 /* Cell.xib in Resources */ = {isa = PBXBuildFile; fileRef = 1AEF05CA1674828600B45659 /* Cell.xib */; };
		833A45E817AB876C0094A8B0 /* image5.jpg in Resources */ = {isa = PBXBuildFile; fileRef = 833A45E217AB876C0094A8B0 /* image5.jpg */; };
		833A45E917AB876C0094A8B0 /* image0.jpg in Resources */ = {isa = PBXBuildFile; fileRef = 833A45E317AB876C0094A8B0 /* image0.jpg */; };
		833A45EA17AB876C0094A8B0 /* image4.jpg in Resources */ = {isa = PBXBuildFile; fileRef = 833A45E417AB876C0094A8B0 /* image4.jpg */; };
		833A45EB17AB876C0094A8B0 /* image3.jpg in Resources */ = {isa = PBXBuildFile; fileRef = 833A45E517AB876C0094A8B0 /* image3.jpg */; };
		833A45EC17AB876C0094A8B0 /* image2.jpg in Resources */ = {isa = PBXBuildFile; fileRef = 833A45E617AB876C0094A8B0 /* image2.jpg */; };
		833A45ED17AB876C0094A8B0 /* image1.jpg in Resources */ = {isa = PBXBuildFile; fileRef = 833A45E717AB876C0094A8B0 /* image1.jpg */; };
		833A45EF17AB8FF40094A8B0 /* bg.png in Resources */ = {isa = PBXBuildFile; fileRef = 833A45EE17AB8FF40094A8B0 /* bg.png */; };
		833A45F117AB90840094A8B0 /* navibar_main.png in Resources */ = {isa = PBXBuildFile; fileRef = 833A45F017AB90840094A8B0 /* navibar_main.png */; };
/* End PBXBuildFile section */

/* Begin PBXFileReference section */
		1A9350A316731262005000CF /* CollectionView1.app */ = {isa = PBXFileReference; explicitFileType = wrapper.application; includeInIndex = 0; path = CollectionView1.app; sourceTree = BUILT_PRODUCTS_DIR; };
		1A9350A716731262005000CF /* UIKit.framework */ = {isa = PBXFileReference; lastKnownFileType = wrapper.framework; name = UIKit.framework; path = System/Library/Frameworks/UIKit.framework; sourceTree = SDKROOT; };
		1A9350A916731262005000CF /* Foundation.framework */ = {isa = PBXFileReference; lastKnownFileType = wrapper.framework; name = Foundation.framework; path = System/Library/Frameworks/Foundation.framework; sourceTree = SDKROOT; };
		1A9350AB16731262005000CF /* CoreGraphics.framework */ = {isa = PBXFileReference; lastKnownFileType = wrapper.framework; name = CoreGraphics.framework; path = System/Library/Frameworks/CoreGraphics.framework; sourceTree = SDKROOT; };
		1A9350AF16731262005000CF /* CollectionView1-Info.plist */ = {isa = PBXFileReference; lastKnownFileType = text.plist.xml; path = "CollectionView1-Info.plist"; sourceTree = "<group>"; };
		1A9350B116731262005000CF /* en */ = {isa = PBXFileReference; lastKnownFileType = text.plist.strings; name = en; path = en.lproj/InfoPlist.strings; sourceTree = "<group>"; };
		1A9350B316731262005000CF /* main.m */ = {isa = PBXFileReference; lastKnownFileType = sourcecode.c.objc; path = main.m; sourceTree = "<group>"; };
		1A9350B516731262005000CF /* CollectionView1-Prefix.pch */ = {isa = PBXFileReference; lastKnownFileType = sourcecode.c.h; path = "CollectionView1-Prefix.pch"; sourceTree = "<group>"; };
		1A9350B616731262005000CF /* AppDelegate.h */ = {isa = PBXFileReference; lastKnownFileType = sourcecode.c.h; path = AppDelegate.h; sourceTree = "<group>"; };
		1A9350B716731262005000CF /* AppDelegate.m */ = {isa = PBXFileReference; lastKnownFileType = sourcecode.c.objc; path = AppDelegate.m; sourceTree = "<group>"; };
		1A9350B916731262005000CF /* Default.png */ = {isa = PBXFileReference; lastKnownFileType = image.png; path = Default.png; sourceTree = "<group>"; };
		1A9350BB16731262005000CF /* Default@2x.png */ = {isa = PBXFileReference; lastKnownFileType = image.png; path = "Default@2x.png"; sourceTree = "<group>"; };
		1A9350BD16731262005000CF /* Default-568h@2x.png */ = {isa = PBXFileReference; lastKnownFileType = image.png; path = "Default-568h@2x.png"; sourceTree = "<group>"; };
		1A9350BF16731262005000CF /* ViewController.h */ = {isa = PBXFileReference; lastKnownFileType = sourcecode.c.h; path = ViewController.h; sourceTree = "<group>"; };
		1A9350C016731262005000CF /* ViewController.m */ = {isa = PBXFileReference; lastKnownFileType = sourcecode.c.objc; path = ViewController.m; sourceTree = "<group>"; };
		1A9350C316731262005000CF /* en */ = {isa = PBXFileReference; lastKnownFileType = file.xib; name = en; path = en.lproj/ViewController_iPhone.xib; sourceTree = "<group>"; };
		1A9350C616731262005000CF /* en */ = {isa = PBXFileReference; lastKnownFileType = file.xib; name = en; path = en.lproj/ViewController_iPad.xib; sourceTree = "<group>"; };
		1AEF05CA1674828600B45659 /* Cell.xib */ = {isa = PBXFileReference; fileEncoding = 4; lastKnownFileType = file.xib; path = Cell.xib; sourceTree = "<group>"; };
		833A45E217AB876C0094A8B0 /* image5.jpg */ = {isa = PBXFileReference; lastKnownFileType = image.jpeg; path = image5.jpg; sourceTree = "<group>"; };
		833A45E317AB876C0094A8B0 /* image0.jpg */ = {isa = PBXFileReference; lastKnownFileType = image.jpeg; path = image0.jpg; sourceTree = "<group>"; };
		833A45E417AB876C0094A8B0 /* image4.jpg */ = {isa = PBXFileReference; lastKnownFileType = image.jpeg; path = image4.jpg; sourceTree = "<group>"; };
		833A45E517AB876C0094A8B0 /* image3.jpg */ = {isa = PBXFileReference; lastKnownFileType = image.jpeg; path = image3.jpg; sourceTree = "<group>"; };
		833A45E617AB876C0094A8B0 /* image2.jpg */ = {isa = PBXFileReference; lastKnownFileType = image.jpeg; path = image2.jpg; sourceTree = "<group>"; };
		833A45E717AB876C0094A8B0 /* image1.jpg */ = {isa = PBXFileReference; lastKnownFileType = image.jpeg; path = image1.jpg; sourceTree = "<group>"; };
		833A45EE17AB8FF40094A8B0 /* bg.png */ = {isa = PBXFileReference; lastKnownFileType = image.png; path = bg.png; sourceTree = "<group>"; };
		833A45F017AB90840094A8B0 /* navibar_main.png */ = {isa = PBXFileReference; lastKnownFileType = image.png; path = navibar_main.png; sourceTree = "<group>"; };
/* End PBXFileReference section */

/* Begin PBXFrameworksBuildPhase section */
		1A9350A016731262005000CF /* Frameworks */ = {
			isa = PBXFrameworksBuildPhase;
			buildActionMask = 2147483647;
			files = (
				1A9350A816731262005000CF /* UIKit.framework in Frameworks */,
				1A9350AA16731262005000CF /* Foundation.framework in Frameworks */,
				1A9350AC16731262005000CF /* CoreGraphics.framework in Frameworks */,
			);
			runOnlyForDeploymentPostprocessing = 0;
		};
/* End PBXFrameworksBuildPhase section */

/* Begin PBXGroup section */
		1A93509816731262005000CF = {
			isa = PBXGroup;
			children = (
				1A9350AD16731262005000CF /* CollectionView1 */,
				1A9350A616731262005000CF /* Frameworks */,
				1A9350A416731262005000CF /* Products */,
			);
			sourceTree = "<group>";
		};
		1A9350A416731262005000CF /* Products */ = {
			isa = PBXGroup;
			children = (
				1A9350A316731262005000CF /* CollectionView1.app */,
			);
			name = Products;
			sourceTree = "<group>";
		};
		1A9350A616731262005000CF /* Frameworks */ = {
			isa = PBXGroup;
			children = (
				1A9350A716731262005000CF /* UIKit.framework */,
				1A9350A916731262005000CF /* Foundation.framework */,
				1A9350AB16731262005000CF /* CoreGraphics.framework */,
			);
			name = Frameworks;
			sourceTree = "<group>";
		};
		1A9350AD16731262005000CF /* CollectionView1 */ = {
			isa = PBXGroup;
			children = (
				1A9350B616731262005000CF /* AppDelegate.h */,
				1A9350B716731262005000CF /* AppDelegate.m */,
				1A9350BF16731262005000CF /* ViewController.h */,
				1A9350C016731262005000CF /* ViewController.m */,
				1A9350C216731262005000CF /* ViewController_iPhone.xib */,
				1A9350C516731262005000CF /* ViewController_iPad.xib */,
				1AEF05CA1674828600B45659 /* Cell.xib */,
				833A45F017AB90840094A8B0 /* navibar_main.png */,
				833A45EE17AB8FF40094A8B0 /* bg.png */,
				833A45E217AB876C0094A8B0 /* image5.jpg */,
				833A45E317AB876C0094A8B0 /* image0.jpg */,
				833A45E417AB876C0094A8B0 /* image4.jpg */,
				833A45E517AB876C0094A8B0 /* image3.jpg */,
				833A45E617AB876C0094A8B0 /* image2.jpg */,
				833A45E717AB876C0094A8B0 /* image1.jpg */,
				1A9350AE16731262005000CF /* Supporting Files */,
			);
			path = CollectionView1;
			sourceTree = "<group>";
		};
		1A9350AE16731262005000CF /* Supporting Files */ = {
			isa = PBXGroup;
			children = (
				1A9350AF16731262005000CF /* CollectionView1-Info.plist */,
				1A9350B016731262005000CF /* InfoPlist.strings */,
				1A9350B316731262005000CF /* main.m */,
				1A9350B516731262005000CF /* CollectionView1-Prefix.pch */,
				1A9350B916731262005000CF /* Default.png */,
				1A9350BB16731262005000CF /* Default@2x.png */,
				1A9350BD16731262005000CF /* Default-568h@2x.png */,
			);
			name = "Supporting Files";
			sourceTree = "<group>";
		};
/* End PBXGroup section */

/* Begin PBXNativeTarget section */
		1A9350A216731262005000CF /* CollectionView1 */ = {
			isa = PBXNativeTarget;
			buildConfigurationList = 1A9350CA16731262005000CF /* Build configuration list for PBXNativeTarget "CollectionView1" */;
			buildPhases = (
				1A93509F16731262005000CF /* Sources */,
				1A9350A016731262005000CF /* Frameworks */,
				1A9350A116731262005000CF /* Resources */,
			);
			buildRules = (
			);
			dependencies = (
			);
			name = CollectionView1;
			productName = CollectionView1;
			productReference = 1A9350A316731262005000CF /* CollectionView1.app */;
			productType = "com.apple.product-type.application";
		};
/* End PBXNativeTarget section */

/* Begin PBXProject section */
		1A93509A16731262005000CF /* Project object */ = {
			isa = PBXProject;
			attributes = {
				LastUpgradeCheck = 0450;
				ORGANIZATIONNAME = Aurumplanet;
			};
			buildConfigurationList = 1A93509D16731262005000CF /* Build configuration list for PBXProject "CollectionView1" */;
			compatibilityVersion = "Xcode 3.2";
			developmentRegion = English;
			hasScannedForEncodings = 0;
			knownRegions = (
				en,
			);
			mainGroup = 1A93509816731262005000CF;
			productRefGroup = 1A9350A416731262005000CF /* Products */;
			projectDirPath = "";
			projectRoot = "";
			targets = (
				1A9350A216731262005000CF /* CollectionView1 */,
			);
		};
/* End PBXProject section */

/* Begin PBXResourcesBuildPhase section */
		1A9350A116731262005000CF /* Resources */ = {
			isa = PBXResourcesBuildPhase;
			buildActionMask = 2147483647;
			files = (
				1A9350B216731262005000CF /* InfoPlist.strings in Resources */,
				1A9350BA16731262005000CF /* Default.png in Resources */,
				1A9350BC16731262005000CF /* Default@2x.png in Resources */,
				1A9350BE16731262005000CF /* Default-568h@2x.png in Resources */,
				1A9350C416731262005000CF /* ViewController_iPhone.xib in Resources */,
				1A9350C716731262005000CF /* ViewController_iPad.xib in Resources */,
				1AEF05CB1674828600B45659 /* Cell.xib in Resources */,
				833A45E817AB876C0094A8B0 /* image5.jpg in Resources */,
				833A45E917AB876C0094A8B0 /* image0.jpg in Resources */,
				833A45EA17AB876C0094A8B0 /* image4.jpg in Resources */,
				833A45EB17AB876C0094A8B0 /* image3.jpg in Resources */,
				833A45EC17AB876C0094A8B0 /* image2.jpg in Resources */,
				833A45ED17AB876C0094A8B0 /* image1.jpg in Resources */,
				833A45EF17AB8FF40094A8B0 /* bg.png in Resources */,
				833A45F117AB90840094A8B0 /* navibar_main.png in Resources */,
			);
			runOnlyForDeploymentPostprocessing = 0;
		};
/* End PBXResourcesBuildPhase section */

/* Begin PBXSourcesBuildPhase section */
		1A93509F16731262005000CF /* Sources */ = {
			isa = PBXSourcesBuildPhase;
			buildActionMask = 2147483647;
			files = (
				1A9350B416731262005000CF /* main.m in Sources */,
				1A9350B816731262005000CF /* AppDelegate.m in Sources */,
				1A9350C116731262005000CF /* ViewController.m in Sources */,
			);
			runOnlyForDeploymentPostprocessing = 0;
		};
/* End PBXSourcesBuildPhase section */

/* Begin PBXVariantGroup section */
		1A9350B016731262005000CF /* InfoPlist.strings */ = {
			isa = PBXVariantGroup;
			children = (
				1A9350B116731262005000CF /* en */,
			);
			name = InfoPlist.strings;
			sourceTree = "<group>";
		};
		1A9350C216731262005000CF /* ViewController_iPhone.xib */ = {
			isa = PBXVariantGroup;
			children = (
				1A9350C316731262005000CF /* en */,
			);
			name = ViewController_iPhone.xib;
			sourceTree = "<group>";
		};
		1A9350C516731262005000CF /* ViewController_iPad.xib */ = {
			isa = PBXVariantGroup;
			children = (
				1A9350C616731262005000CF /* en */,
			);
			name = ViewController_iPad.xib;
			sourceTree = "<group>";
		};
/* End PBXVariantGroup section */

/* Begin XCBuildConfiguration section */
		1A9350C816731262005000CF /* Debug */ = {
			isa = XCBuildConfiguration;
			buildSettings = {
				ALWAYS_SEARCH_USER_PATHS = NO;
				CLANG_CXX_LANGUAGE_STANDARD = "gnu++0x";
				CLANG_CXX_LIBRARY = "libc++";
				CLANG_ENABLE_OBJC_ARC = YES;
				CLANG_WARN_EMPTY_BODY = YES;
				CLANG_WARN__DUPLICATE_METHOD_MATCH = YES;
				"CODE_SIGN_IDENTITY[sdk=iphoneos*]" = "iPhone Developer";
				COPY_PHASE_STRIP = NO;
				GCC_C_LANGUAGE_STANDARD = gnu99;
				GCC_DYNAMIC_NO_PIC = NO;
				GCC_OPTIMIZATION_LEVEL = 0;
				GCC_PREPROCESSOR_DEFINITIONS = (
					"DEBUG=1",
					"$(inherited)",
				);
				GCC_SYMBOLS_PRIVATE_EXTERN = NO;
				GCC_WARN_ABOUT_RETURN_TYPE = YES;
				GCC_WARN_UNINITIALIZED_AUTOS = YES;
				GCC_WARN_UNUSED_VARIABLE = YES;
				IPHONEOS_DEPLOYMENT_TARGET = 4.3;
				ONLY_ACTIVE_ARCH = YES;
				SDKROOT = iphoneos;
				TARGETED_DEVICE_FAMILY = "1,2";
			};
			name = Debug;
		};
		1A9350C916731262005000CF /* Release */ = {
			isa = XCBuildConfiguration;
			buildSettings = {
				ALWAYS_SEARCH_USER_PATHS = NO;
				CLANG_CXX_LANGUAGE_STANDARD = "gnu++0x";
				CLANG_CXX_LIBRARY = "libc++";
				CLANG_ENABLE_OBJC_ARC = YES;
				CLANG_WARN_EMPTY_BODY = YES;
				CLANG_WARN__DUPLICATE_METHOD_MATCH = YES;
				"CODE_SIGN_IDENTITY[sdk=iphoneos*]" = "iPhone Developer";
				COPY_PHASE_STRIP = YES;
				GCC_C_LANGUAGE_STANDARD = gnu99;
				GCC_WARN_ABOUT_RETURN_TYPE = YES;
				GCC_WARN_UNINITIALIZED_AUTOS = YES;
				GCC_WARN_UNUSED_VARIABLE = YES;
				IPHONEOS_DEPLOYMENT_TARGET = 4.3;
				OTHER_CFLAGS = "-DNS_BLOCK_ASSERTIONS=1";
				SDKROOT = iphoneos;
				TARGETED_DEVICE_FAMILY = "1,2";
				VALIDATE_PRODUCT = YES;
			};
			name = Release;
		};
		1A9350CB16731262005000CF /* Debug */ = {
			isa = XCBuildConfiguration;
			buildSettings = {
				CODE_SIGN_IDENTITY = "iPhone Developer: Chris Kim (2D2R8Z7FC3)";
				GCC_PRECOMPILE_PREFIX_HEADER = YES;
				GCC_PREFIX_HEADER = "CollectionView1/CollectionView1-Prefix.pch";
				INFOPLIST_FILE = "CollectionView1/CollectionView1-Info.plist";
				IPHONEOS_DEPLOYMENT_TARGET = 5.0;
				PRODUCT_NAME = "$(TARGET_NAME)";
				PROVISIONING_PROFILE = "";
				WRAPPER_EXTENSION = app;
			};
			name = Debug;
		};
		1A9350CC16731262005000CF /* Release */ = {
			isa = XCBuildConfiguration;
			buildSettings = {
				CODE_SIGN_IDENTITY = "iPhone Developer: Chris Kim (2D2R8Z7FC3)";
				GCC_PRECOMPILE_PREFIX_HEADER = YES;
				GCC_PREFIX_HEADER = "CollectionView1/CollectionView1-Prefix.pch";
				INFOPLIST_FILE = "CollectionView1/CollectionView1-Info.plist";
				IPHONEOS_DEPLOYMENT_TARGET = 5.0;
				PRODUCT_NAME = "$(TARGET_NAME)";
				PROVISIONING_PROFILE = "";
				WRAPPER_EXTENSION = app;
			};
			name = Release;
		};
/* End XCBuildConfiguration section */

/* Begin XCConfigurationList section */
		1A93509D16731262005000CF /* Build configuration list for PBXProject "CollectionView1" */ = {
			isa = XCConfigurationList;
			buildConfigurations = (
				1A9350C816731262005000CF /* Debug */,
				1A9350C916731262005000CF /* Release */,
			);
			defaultConfigurationIsVisible = 0;
			defaultConfigurationName = Release;
		};
		1A9350CA16731262005000CF /* Build configuration list for PBXNativeTarget "CollectionView1" */ = {
			isa = XCConfigurationList;
			buildConfigurations = (
				1A9350CB16731262005000CF /* Debug */,
				1A9350CC16731262005000CF /* Release */,
			);
			defaultConfigurationIsVisible = 0;
			defaultConfigurationName = Release;
		};
/* End XCConfigurationList section */
	};
	rootObject = 1A93509A16731262005000CF /* Project object */;
}
